
Microsoft Visual Studio Solution File, Format Version 12.00
# Visual Studio 15
VisualStudioVersion = 15.0.28307.421
MinimumVisualStudioVersion = 10.0.40219.1
Project("{FAE04EC0-301F-11D3-BF4B-00C04F79EFBC}") = "QuanLyKho", "QuanLyKho\QuanLyKho.csproj", "{976751DF-D087-41BB-A547-1426A2996792}"
EndProject
Global
	GlobalSection(SolutionConfigurationPlatforms) = preSolution
		Debug|Any CPU = Debug|Any CPU
		Release|Any CPU = Release|Any CPU
	EndGlobalSection
	GlobalSection(ProjectConfigurationPlatforms) = postSolution
		{976751DF-D087-41BB-A547-1426A2996792}.Debug|Any CPU.ActiveCfg = Debug|Any CPU
		{976751DF-D087-41BB-A547-1426A2996792}.Debug|Any CPU.Build.0 = Debug|Any CPU
		{976751DF-D087-41BB-A547-1426A2996792}.Release|Any CPU.ActiveCfg = Release|Any CPU
		{976751DF-D087-41BB-A547-1426A2996792}.Release|Any CPU.Build.0 = Release|Any CPU
	EndGlobalSection
	GlobalSection(SolutionProperties) = preSolution
		HideSolutionNode = FALSE
	EndGlobalSection
	GlobalSection(ExtensibilityGlobals) = postSolution
		SolutionGuid = {327963FC-92DF-43C8-B42A-32A090BAA6DB}
	EndGlobalSection
EndGlobal
